{
  "name": "repodispatch-sample-receiver",
  "version": "0.0.0-calendar-version",
  "lockfileVersion": 1,
  "requires": true,
  "dependencies": {
    "repodispatch-sample-main": {
      "version": "github:s-ashwinkumar/repodispatch-sample-main#65ea821b683ee98346b349510a5344e52d682198",
      "from": "github:s-ashwinkumar/repodispatch-sample-main#master"
    }
  }
}
