{
  "name": "repodispatch-sample-receiver",
  "version": "0.0.0-calendar-version",
  "lockfileVersion": 1,
  "requires": true,
  "dependencies": {
    "repodispatch-sample-main": {
      "version": "github:s-ashwinkumar/repodispatch-sample-main#512c5882a942a23941bbc351de76f5773f77eeca",
      "from": "github:s-ashwinkumar/repodispatch-sample-main#master"
    }
  }
}
