{
  "name": "repodispatch-sample-receiver",
  "version": "0.0.0-calendar-version",
  "lockfileVersion": 1,
  "requires": true,
  "dependencies": {
    "repodispatch-sample-main": {
      "version": "github:s-ashwinkumar/repodispatch-sample-main#df6e618e113c6a6ac92761bb475bf6590089b868",
      "from": "github:s-ashwinkumar/repodispatch-sample-main#master"
    }
  }
}
